Microsoft Visual Studio Solution File, Format Version 12.00
# Visual Studio Version 17
VisualStudioVersion = 17.5.2.0
MinimumVisualStudioVersion = 10.0.40219.1
Project("{FAE04EC0-301F-11D3-BF4B-00C04F79EFBC}") = "CamelWeb", "CamelWeb\CamelWeb.csproj", "{C93B798E-382E-F14A-C020-5966E0A59A2F}"
EndProject
Global
	GlobalSection(SolutionConfigurationPlatforms) = preSolution
		Debug|Any CPU = Debug|Any CPU
		Release|Any CPU = Release|Any CPU
	EndGlobalSection
	GlobalSection(ProjectConfigurationPlatforms) = postSolution
		{C93B798E-382E-F14A-C020-5966E0A59A2F}.Debug|Any CPU.ActiveCfg = Debug|Any CPU
		{C93B798E-382E-F14A-C020-5966E0A59A2F}.Debug|Any CPU.Build.0 = Debug|Any CPU
		{C93B798E-382E-F14A-C020-5966E0A59A2F}.Release|Any CPU.ActiveCfg = Release|Any CPU
		{C93B798E-382E-F14A-C020-5966E0A59A2F}.Release|Any CPU.Build.0 = Release|Any CPU
	EndGlobalSection
	GlobalSection(SolutionProperties) = preSolution
		HideSolutionNode = FALSE
	EndGlobalSection
	GlobalSection(ExtensibilityGlobals) = postSolution
		SolutionGuid = {449CE20A-DEC0-4E1A-AC75-85868861506C}
	EndGlobalSection
EndGlobal
